
Microsoft Visual Studio Solution File, Format Version 12.00
# Visual Studio 15
VisualStudioVersion = 15.0.28010.2046
MinimumVisualStudioVersion = 10.0.40219.1
Project("{FAE04EC0-301F-11D3-BF4B-00C04F79EFBC}") = "LabaTA1Z4Vilkova", "LabaTA1Z4Vilkova\LabaTA1Z4Vilkova.csproj", "{B558E9EB-709E-4C50-8839-765673A1428E}"
EndProject
Global
	GlobalSection(SolutionConfigurationPlatforms) = preSolution
		Debug|Any CPU = Debug|Any CPU
		Release|Any CPU = Release|Any CPU
	EndGlobalSection
	GlobalSection(ProjectConfigurationPlatforms) = postSolution
		{B558E9EB-709E-4C50-8839-765673A1428E}.Debug|Any CPU.ActiveCfg = Debug|Any CPU
		{B558E9EB-709E-4C50-8839-765673A1428E}.Debug|Any CPU.Build.0 = Debug|Any CPU
		{B558E9EB-709E-4C50-8839-765673A1428E}.Release|Any CPU.ActiveCfg = Release|Any CPU
		{B558E9EB-709E-4C50-8839-765673A1428E}.Release|Any CPU.Build.0 = Release|Any CPU
	EndGlobalSection
	GlobalSection(SolutionProperties) = preSolution
		HideSolutionNode = FALSE
	EndGlobalSection
	GlobalSection(ExtensibilityGlobals) = postSolution
		SolutionGuid = {EF6EC17F-6D02-4390-BA38-378985906872}
	EndGlobalSection
EndGlobal
